{
  "name": "service",
  "version": "1.0.0",
  "scripts": {
    "start": "node src/index.js",
    "server": "babel-node ./src/index.js",
    "start-prod": "cross-env NODE_ENV=production babel-node src/index.js",
    "test": "jest --detectOpenHandles --forceExit",
    "dev": "NODE_ENV=development npm-run-all server"
  },
  "jest": {
    "testRegex": "./dao/.+test\\.js$",
    "testURL": "http://localhost"
  },
  "dependencies": {
    "express": "^4.17.1",
    "mysql2": "^1.7.0",
    "sequelize": "^5.21.0"
  },
  "devDependencies": {
    "@babel/core": "^7.6.4",
    "@babel/node": "^7.6.3",
    "@babel/plugin-proposal-class-properties": "^7.5.5",
    "@babel/preset-env": "^7.6.3",
    "@babel/preset-flow": "^7.0.0",
    "babel-jest": "^24.9.0",
    "cross-env": "^6.0.3",
    "jest": "^24.9.0",
    "nodemon": "^1.19.4",
    "reload": "^3.0.2"
  }
}
